Microsoft Visual Studio Solution File, Format Version 12.00
# Visual Studio Version 17
VisualStudioVersion = 17.5.2.0
MinimumVisualStudioVersion = 10.0.40219.1
Project("{FAE04EC0-301F-11D3-BF4B-00C04F79EFBC}") = "GerenciamentoTimesAPI", "GerenciamentoTimesAPI.csproj", "{5CB0A5F4-0C47-688D-40A7-8C05D34570C8}"
EndProject
Global
	GlobalSection(SolutionConfigurationPlatforms) = preSolution
		Debug|Any CPU = Debug|Any CPU
		Release|Any CPU = Release|Any CPU
	EndGlobalSection
	GlobalSection(ProjectConfigurationPlatforms) = postSolution
		{5CB0A5F4-0C47-688D-40A7-8C05D34570C8}.Debug|Any CPU.ActiveCfg = Debug|Any CPU
		{5CB0A5F4-0C47-688D-40A7-8C05D34570C8}.Debug|Any CPU.Build.0 = Debug|Any CPU
		{5CB0A5F4-0C47-688D-40A7-8C05D34570C8}.Release|Any CPU.ActiveCfg = Release|Any CPU
		{5CB0A5F4-0C47-688D-40A7-8C05D34570C8}.Release|Any CPU.Build.0 = Release|Any CPU
	EndGlobalSection
	GlobalSection(SolutionProperties) = preSolution
		HideSolutionNode = FALSE
	EndGlobalSection
	GlobalSection(ExtensibilityGlobals) = postSolution
		SolutionGuid = {B25AC18E-07B8-4431-BA65-3DBAA9E8F2AC}
	EndGlobalSection
EndGlobal
